
Microsoft Visual Studio Solution File, Format Version 12.00
# Visual Studio Version 17
VisualStudioVersion = 17.4.33213.308
MinimumVisualStudioVersion = 10.0.40219.1
Project("{FAE04EC0-301F-11D3-BF4B-00C04F79EFBC}") = "Task1", "Task1\Task1.csproj", "{473F88D2-7ED6-474B-8045-E81CDAFD770F}"
EndProject
Project("{FAE04EC0-301F-11D3-BF4B-00C04F79EFBC}") = "Task2", "Task2\Task2.csproj", "{CA11A2BE-9E88-4C9C-89E9-B0D2F49420F1}"
EndProject
Global
	GlobalSection(SolutionConfigurationPlatforms) = preSolution
		Debug|Any CPU = Debug|Any CPU
		Release|Any CPU = Release|Any CPU
	EndGlobalSection
	GlobalSection(ProjectConfigurationPlatforms) = postSolution
		{473F88D2-7ED6-474B-8045-E81CDAFD770F}.Debug|Any CPU.ActiveCfg = Debug|Any CPU
		{473F88D2-7ED6-474B-8045-E81CDAFD770F}.Debug|Any CPU.Build.0 = Debug|Any CPU
		{473F88D2-7ED6-474B-8045-E81CDAFD770F}.Release|Any CPU.ActiveCfg = Release|Any CPU
		{473F88D2-7ED6-474B-8045-E81CDAFD770F}.Release|Any CPU.Build.0 = Release|Any CPU
		{CA11A2BE-9E88-4C9C-89E9-B0D2F49420F1}.Debug|Any CPU.ActiveCfg = Debug|Any CPU
		{CA11A2BE-9E88-4C9C-89E9-B0D2F49420F1}.Debug|Any CPU.Build.0 = Debug|Any CPU
		{CA11A2BE-9E88-4C9C-89E9-B0D2F49420F1}.Release|Any CPU.ActiveCfg = Release|Any CPU
		{CA11A2BE-9E88-4C9C-89E9-B0D2F49420F1}.Release|Any CPU.Build.0 = Release|Any CPU
	EndGlobalSection
	GlobalSection(SolutionProperties) = preSolution
		HideSolutionNode = FALSE
	EndGlobalSection
	GlobalSection(ExtensibilityGlobals) = postSolution
		SolutionGuid = {180D95F4-809A-4A69-8267-DBF0FC21A265}
	EndGlobalSection
EndGlobal
