
Microsoft Visual Studio Solution File, Format Version 12.00
# Visual Studio Version 17
VisualStudioVersion = 17.4.33213.308
MinimumVisualStudioVersion = 10.0.40219.1
Project("{9A19103F-16F7-4668-BE54-9A1E7A4F7556}") = "UnitTests", "UnitTests\UnitTests.csproj", "{F61CC147-D712-4AC3-9CEC-36E94FCEF5BF}"
EndProject
Project("{FAE04EC0-301F-11D3-BF4B-00C04F79EFBC}") = "Task1", "Task1\Task1.csproj", "{FFC320B0-C3C6-475E-ADA0-71145F1F50EA}"
EndProject
Global
	GlobalSection(SolutionConfigurationPlatforms) = preSolution
		Debug|Any CPU = Debug|Any CPU
		Release|Any CPU = Release|Any CPU
	EndGlobalSection
	GlobalSection(ProjectConfigurationPlatforms) = postSolution
		{F61CC147-D712-4AC3-9CEC-36E94FCEF5BF}.Debug|Any CPU.ActiveCfg = Debug|Any CPU
		{F61CC147-D712-4AC3-9CEC-36E94FCEF5BF}.Debug|Any CPU.Build.0 = Debug|Any CPU
		{F61CC147-D712-4AC3-9CEC-36E94FCEF5BF}.Release|Any CPU.ActiveCfg = Release|Any CPU
		{F61CC147-D712-4AC3-9CEC-36E94FCEF5BF}.Release|Any CPU.Build.0 = Release|Any CPU
		{FFC320B0-C3C6-475E-ADA0-71145F1F50EA}.Debug|Any CPU.ActiveCfg = Debug|Any CPU
		{FFC320B0-C3C6-475E-ADA0-71145F1F50EA}.Debug|Any CPU.Build.0 = Debug|Any CPU
		{FFC320B0-C3C6-475E-ADA0-71145F1F50EA}.Release|Any CPU.ActiveCfg = Release|Any CPU
		{FFC320B0-C3C6-475E-ADA0-71145F1F50EA}.Release|Any CPU.Build.0 = Release|Any CPU
	EndGlobalSection
	GlobalSection(SolutionProperties) = preSolution
		HideSolutionNode = FALSE
	EndGlobalSection
	GlobalSection(ExtensibilityGlobals) = postSolution
		SolutionGuid = {7E70C9D4-945D-4C13-BBAD-03E6545B9670}
	EndGlobalSection
EndGlobal
