
Microsoft Visual Studio Solution File, Format Version 12.00
# Visual Studio Version 17
VisualStudioVersion = 17.4.33213.308
MinimumVisualStudioVersion = 10.0.40219.1
Project("{9A19103F-16F7-4668-BE54-9A1E7A4F7556}") = "Task1", "Task1\Task1.csproj", "{CA124AC9-9DF3-4551-BEEF-219FFD364D24}"
EndProject
Project("{FAE04EC0-301F-11D3-BF4B-00C04F79EFBC}") = "Task2", "Task2\Task2.csproj", "{0B7A6CAE-D7E4-42EE-A8DA-CCB3A22FF937}"
EndProject
Project("{FAE04EC0-301F-11D3-BF4B-00C04F79EFBC}") = "Task3", "Task3\Task3.csproj", "{66317BC5-E88C-4BAE-8D36-CF8551456FB9}"
EndProject
Global
	GlobalSection(SolutionConfigurationPlatforms) = preSolution
		Debug|Any CPU = Debug|Any CPU
		Release|Any CPU = Release|Any CPU
	EndGlobalSection
	GlobalSection(ProjectConfigurationPlatforms) = postSolution
		{CA124AC9-9DF3-4551-BEEF-219FFD364D24}.Debug|Any CPU.ActiveCfg = Debug|Any CPU
		{CA124AC9-9DF3-4551-BEEF-219FFD364D24}.Debug|Any CPU.Build.0 = Debug|Any CPU
		{CA124AC9-9DF3-4551-BEEF-219FFD364D24}.Release|Any CPU.ActiveCfg = Release|Any CPU
		{CA124AC9-9DF3-4551-BEEF-219FFD364D24}.Release|Any CPU.Build.0 = Release|Any CPU
		{0B7A6CAE-D7E4-42EE-A8DA-CCB3A22FF937}.Debug|Any CPU.ActiveCfg = Debug|Any CPU
		{0B7A6CAE-D7E4-42EE-A8DA-CCB3A22FF937}.Debug|Any CPU.Build.0 = Debug|Any CPU
		{0B7A6CAE-D7E4-42EE-A8DA-CCB3A22FF937}.Release|Any CPU.ActiveCfg = Release|Any CPU
		{0B7A6CAE-D7E4-42EE-A8DA-CCB3A22FF937}.Release|Any CPU.Build.0 = Release|Any CPU
		{66317BC5-E88C-4BAE-8D36-CF8551456FB9}.Debug|Any CPU.ActiveCfg = Debug|Any CPU
		{66317BC5-E88C-4BAE-8D36-CF8551456FB9}.Debug|Any CPU.Build.0 = Debug|Any CPU
		{66317BC5-E88C-4BAE-8D36-CF8551456FB9}.Release|Any CPU.ActiveCfg = Release|Any CPU
		{66317BC5-E88C-4BAE-8D36-CF8551456FB9}.Release|Any CPU.Build.0 = Release|Any CPU
	EndGlobalSection
	GlobalSection(SolutionProperties) = preSolution
		HideSolutionNode = FALSE
	EndGlobalSection
	GlobalSection(ExtensibilityGlobals) = postSolution
		SolutionGuid = {1A7B914E-841D-46F0-A429-1D13C5083A54}
	EndGlobalSection
EndGlobal
